
Microsoft Visual Studio Solution File, Format Version 12.00
# Visual Studio Version 17
VisualStudioVersion = 17.13.35931.197
MinimumVisualStudioVersion = 10.0.40219.1
Project("{8BC9CEB8-8B4A-11D0-8D11-00A0C91BC942}") = "ConsoleApplication1", "ConsoleApplication1\ConsoleApplication1.vcxproj", "{A565ABEA-01E1-40B9-978A-5A5AD120FD99}"
EndProject
Project("{8BC9CEB8-8B4A-11D0-8D11-00A0C91BC942}") = "DataTypes", "DataTypes\DataTypes.vcxproj", "{24DBEF7E-91E9-4968-9AD3-EF3A4DBED235}"
EndProject
Project("{8BC9CEB8-8B4A-11D0-8D11-00A0C91BC942}") = "UserDataTypes", "UserDataTypes\UserDataTypes.vcxproj", "{E567DFD9-2835-442F-A85C-45771EFA5DD1}"
EndProject
Project("{8BC9CEB8-8B4A-11D0-8D11-00A0C91BC942}") = "A_UserDataTypes", "A_UserDataTypes\A_UserDataTypes.vcxproj", "{038DCA32-45FB-4B88-A5CD-32404FE15513}"
EndProject
Project("{8BC9CEB8-8B4A-11D0-8D11-00A0C91BC942}") = "A_JavaToC++", "A_JavaToC++\A_JavaToC++.vcxproj", "{C04E00EE-DBC7-4656-9BC2-26B67B020DE3}"
EndProject
Project("{8BC9CEB8-8B4A-11D0-8D11-00A0C91BC942}") = "Memory", "Memory\Memory.vcxproj", "{90DD72E3-FF3A-4D9E-A980-1395153506BA}"
EndProject
Project("{8BC9CEB8-8B4A-11D0-8D11-00A0C91BC942}") = "MemoryReview", "Project1\Project1.vcxproj", "{F6042512-1471-4AEC-B997-12553F8D5513}"
EndProject
Project("{8BC9CEB8-8B4A-11D0-8D11-00A0C91BC942}") = "Container", "Container\Container.vcxproj", "{1502EEB7-770B-48F9-9A34-F71571B6E5D3}"
EndProject
Project("{8BC9CEB8-8B4A-11D0-8D11-00A0C91BC942}") = "A_Containers", "A_Containers\A_Containers.vcxproj", "{58A30750-F28A-4A96-A398-864410FBC4FD}"
EndProject
Project("{8BC9CEB8-8B4A-11D0-8D11-00A0C91BC942}") = "OOP", "OOP\OOP.vcxproj", "{0ED0A102-031E-475A-9972-5A28B84B8A0A}"
EndProject
Project("{8BC9CEB8-8B4A-11D0-8D11-00A0C91BC942}") = "Database", "Database\Database.vcxproj", "{B63E01C2-395F-4DB9-BD65-7C4B093C158B}"
EndProject
Project("{8BC9CEB8-8B4A-11D0-8D11-00A0C91BC942}") = "A_Database", "A_Database\A_Database.vcxproj", "{D0223B00-E01B-495F-B061-7AC8206E8478}"
EndProject
Project("{8BC9CEB8-8B4A-11D0-8D11-00A0C91BC942}") = "A_Fail", "A_Fail\A_Fail.vcxproj", "{A79F9975-4C51-49EC-82B4-55F0D7CE06E5}"
EndProject
Project("{8BC9CEB8-8B4A-11D0-8D11-00A0C91BC942}") = "Overloading", "Overloading\Overloading.vcxproj", "{B2931A1B-24A7-4557-8D54-705BD1054579}"
EndProject
Project("{8BC9CEB8-8B4A-11D0-8D11-00A0C91BC942}") = "A_Fractions", "A_Fractions\A_Fractions.vcxproj", "{1D3C1A81-40CC-4CD2-BC9D-19EBDF8AF378}"
EndProject
Project("{8BC9CEB8-8B4A-11D0-8D11-00A0C91BC942}") = "Stream", "Stream\Stream.vcxproj", "{ADC36992-0AD1-45CB-A60F-EEC3FB2D5EBE}"
EndProject
Global
	GlobalSection(SolutionConfigurationPlatforms) = preSolution
		Debug|x64 = Debug|x64
		Debug|x86 = Debug|x86
		Release|x64 = Release|x64
		Release|x86 = Release|x86
	EndGlobalSection
	GlobalSection(ProjectConfigurationPlatforms) = postSolution
		{A565ABEA-01E1-40B9-978A-5A5AD120FD99}.Debug|x64.ActiveCfg = Debug|x64
		{A565ABEA-01E1-40B9-978A-5A5AD120FD99}.Debug|x64.Build.0 = Debug|x64
		{A565ABEA-01E1-40B9-978A-5A5AD120FD99}.Debug|x86.ActiveCfg = Debug|Win32
		{A565ABEA-01E1-40B9-978A-5A5AD120FD99}.Debug|x86.Build.0 = Debug|Win32
		{A565ABEA-01E1-40B9-978A-5A5AD120FD99}.Release|x64.ActiveCfg = Release|x64
		{A565ABEA-01E1-40B9-978A-5A5AD120FD99}.Release|x64.Build.0 = Release|x64
		{A565ABEA-01E1-40B9-978A-5A5AD120FD99}.Release|x86.ActiveCfg = Release|Win32
		{A565ABEA-01E1-40B9-978A-5A5AD120FD99}.Release|x86.Build.0 = Release|Win32
		{24DBEF7E-91E9-4968-9AD3-EF3A4DBED235}.Debug|x64.ActiveCfg = Debug|x64
		{24DBEF7E-91E9-4968-9AD3-EF3A4DBED235}.Debug|x64.Build.0 = Debug|x64
		{24DBEF7E-91E9-4968-9AD3-EF3A4DBED235}.Debug|x86.ActiveCfg = Debug|Win32
		{24DBEF7E-91E9-4968-9AD3-EF3A4DBED235}.Debug|x86.Build.0 = Debug|Win32
		{24DBEF7E-91E9-4968-9AD3-EF3A4DBED235}.Release|x64.ActiveCfg = Release|x64
		{24DBEF7E-91E9-4968-9AD3-EF3A4DBED235}.Release|x64.Build.0 = Release|x64
		{24DBEF7E-91E9-4968-9AD3-EF3A4DBED235}.Release|x86.ActiveCfg = Release|Win32
		{24DBEF7E-91E9-4968-9AD3-EF3A4DBED235}.Release|x86.Build.0 = Release|Win32
		{E567DFD9-2835-442F-A85C-45771EFA5DD1}.Debug|x64.ActiveCfg = Debug|x64
		{E567DFD9-2835-442F-A85C-45771EFA5DD1}.Debug|x64.Build.0 = Debug|x64
		{E567DFD9-2835-442F-A85C-45771EFA5DD1}.Debug|x86.ActiveCfg = Debug|Win32
		{E567DFD9-2835-442F-A85C-45771EFA5DD1}.Debug|x86.Build.0 = Debug|Win32
		{E567DFD9-2835-442F-A85C-45771EFA5DD1}.Release|x64.ActiveCfg = Release|x64
		{E567DFD9-2835-442F-A85C-45771EFA5DD1}.Release|x64.Build.0 = Release|x64
		{E567DFD9-2835-442F-A85C-45771EFA5DD1}.Release|x86.ActiveCfg = Release|Win32
		{E567DFD9-2835-442F-A85C-45771EFA5DD1}.Release|x86.Build.0 = Release|Win32
		{038DCA32-45FB-4B88-A5CD-32404FE15513}.Debug|x64.ActiveCfg = Debug|x64
		{038DCA32-45FB-4B88-A5CD-32404FE15513}.Debug|x64.Build.0 = Debug|x64
		{038DCA32-45FB-4B88-A5CD-32404FE15513}.Debug|x86.ActiveCfg = Debug|Win32
		{038DCA32-45FB-4B88-A5CD-32404FE15513}.Debug|x86.Build.0 = Debug|Win32
		{038DCA32-45FB-4B88-A5CD-32404FE15513}.Release|x64.ActiveCfg = Release|x64
		{038DCA32-45FB-4B88-A5CD-32404FE15513}.Release|x64.Build.0 = Release|x64
		{038DCA32-45FB-4B88-A5CD-32404FE15513}.Release|x86.ActiveCfg = Release|Win32
		{038DCA32-45FB-4B88-A5CD-32404FE15513}.Release|x86.Build.0 = Release|Win32
		{C04E00EE-DBC7-4656-9BC2-26B67B020DE3}.Debug|x64.ActiveCfg = Debug|x64
		{C04E00EE-DBC7-4656-9BC2-26B67B020DE3}.Debug|x64.Build.0 = Debug|x64
		{C04E00EE-DBC7-4656-9BC2-26B67B020DE3}.Debug|x86.ActiveCfg = Debug|Win32
		{C04E00EE-DBC7-4656-9BC2-26B67B020DE3}.Debug|x86.Build.0 = Debug|Win32
		{C04E00EE-DBC7-4656-9BC2-26B67B020DE3}.Release|x64.ActiveCfg = Release|x64
		{C04E00EE-DBC7-4656-9BC2-26B67B020DE3}.Release|x64.Build.0 = Release|x64
		{C04E00EE-DBC7-4656-9BC2-26B67B020DE3}.Release|x86.ActiveCfg = Release|Win32
		{C04E00EE-DBC7-4656-9BC2-26B67B020DE3}.Release|x86.Build.0 = Release|Win32
		{90DD72E3-FF3A-4D9E-A980-1395153506BA}.Debug|x64.ActiveCfg = Debug|x64
		{90DD72E3-FF3A-4D9E-A980-1395153506BA}.Debug|x64.Build.0 = Debug|x64
		{90DD72E3-FF3A-4D9E-A980-1395153506BA}.Debug|x86.ActiveCfg = Debug|Win32
		{90DD72E3-FF3A-4D9E-A980-1395153506BA}.Debug|x86.Build.0 = Debug|Win32
		{90DD72E3-FF3A-4D9E-A980-1395153506BA}.Release|x64.ActiveCfg = Release|x64
		{90DD72E3-FF3A-4D9E-A980-1395153506BA}.Release|x64.Build.0 = Release|x64
		{90DD72E3-FF3A-4D9E-A980-1395153506BA}.Release|x86.ActiveCfg = Release|Win32
		{90DD72E3-FF3A-4D9E-A980-1395153506BA}.Release|x86.Build.0 = Release|Win32
		{F6042512-1471-4AEC-B997-12553F8D5513}.Debug|x64.ActiveCfg = Debug|x64
		{F6042512-1471-4AEC-B997-12553F8D5513}.Debug|x64.Build.0 = Debug|x64
		{F6042512-1471-4AEC-B997-12553F8D5513}.Debug|x86.ActiveCfg = Debug|Win32
		{F6042512-1471-4AEC-B997-12553F8D5513}.Debug|x86.Build.0 = Debug|Win32
		{F6042512-1471-4AEC-B997-12553F8D5513}.Release|x64.ActiveCfg = Release|x64
		{F6042512-1471-4AEC-B997-12553F8D5513}.Release|x64.Build.0 = Release|x64
		{F6042512-1471-4AEC-B997-12553F8D5513}.Release|x86.ActiveCfg = Release|Win32
		{F6042512-1471-4AEC-B997-12553F8D5513}.Release|x86.Build.0 = Release|Win32
		{1502EEB7-770B-48F9-9A34-F71571B6E5D3}.Debug|x64.ActiveCfg = Debug|x64
		{1502EEB7-770B-48F9-9A34-F71571B6E5D3}.Debug|x64.Build.0 = Debug|x64
		{1502EEB7-770B-48F9-9A34-F71571B6E5D3}.Debug|x86.ActiveCfg = Debug|Win32
		{1502EEB7-770B-48F9-9A34-F71571B6E5D3}.Debug|x86.Build.0 = Debug|Win32
		{1502EEB7-770B-48F9-9A34-F71571B6E5D3}.Release|x64.ActiveCfg = Release|x64
		{1502EEB7-770B-48F9-9A34-F71571B6E5D3}.Release|x64.Build.0 = Release|x64
		{1502EEB7-770B-48F9-9A34-F71571B6E5D3}.Release|x86.ActiveCfg = Release|Win32
		{1502EEB7-770B-48F9-9A34-F71571B6E5D3}.Release|x86.Build.0 = Release|Win32
		{58A30750-F28A-4A96-A398-864410FBC4FD}.Debug|x64.ActiveCfg = Debug|x64
		{58A30750-F28A-4A96-A398-864410FBC4FD}.Debug|x64.Build.0 = Debug|x64
		{58A30750-F28A-4A96-A398-864410FBC4FD}.Debug|x86.ActiveCfg = Debug|Win32
		{58A30750-F28A-4A96-A398-864410FBC4FD}.Debug|x86.Build.0 = Debug|Win32
		{58A30750-F28A-4A96-A398-864410FBC4FD}.Release|x64.ActiveCfg = Release|x64
		{58A30750-F28A-4A96-A398-864410FBC4FD}.Release|x64.Build.0 = Release|x64
		{58A30750-F28A-4A96-A398-864410FBC4FD}.Release|x86.ActiveCfg = Release|Win32
		{58A30750-F28A-4A96-A398-864410FBC4FD}.Release|x86.Build.0 = Release|Win32
		{0ED0A102-031E-475A-9972-5A28B84B8A0A}.Debug|x64.ActiveCfg = Debug|x64
		{0ED0A102-031E-475A-9972-5A28B84B8A0A}.Debug|x64.Build.0 = Debug|x64
		{0ED0A102-031E-475A-9972-5A28B84B8A0A}.Debug|x86.ActiveCfg = Debug|Win32
		{0ED0A102-031E-475A-9972-5A28B84B8A0A}.Debug|x86.Build.0 = Debug|Win32
		{0ED0A102-031E-475A-9972-5A28B84B8A0A}.Release|x64.ActiveCfg = Release|x64
		{0ED0A102-031E-475A-9972-5A28B84B8A0A}.Release|x64.Build.0 = Release|x64
		{0ED0A102-031E-475A-9972-5A28B84B8A0A}.Release|x86.ActiveCfg = Release|Win32
		{0ED0A102-031E-475A-9972-5A28B84B8A0A}.Release|x86.Build.0 = Release|Win32
		{B63E01C2-395F-4DB9-BD65-7C4B093C158B}.Debug|x64.ActiveCfg = Debug|x64
		{B63E01C2-395F-4DB9-BD65-7C4B093C158B}.Debug|x64.Build.0 = Debug|x64
		{B63E01C2-395F-4DB9-BD65-7C4B093C158B}.Debug|x86.ActiveCfg = Debug|Win32
		{B63E01C2-395F-4DB9-BD65-7C4B093C158B}.Debug|x86.Build.0 = Debug|Win32
		{B63E01C2-395F-4DB9-BD65-7C4B093C158B}.Release|x64.ActiveCfg = Release|x64
		{B63E01C2-395F-4DB9-BD65-7C4B093C158B}.Release|x64.Build.0 = Release|x64
		{B63E01C2-395F-4DB9-BD65-7C4B093C158B}.Release|x86.ActiveCfg = Release|Win32
		{B63E01C2-395F-4DB9-BD65-7C4B093C158B}.Release|x86.Build.0 = Release|Win32
		{D0223B00-E01B-495F-B061-7AC8206E8478}.Debug|x64.ActiveCfg = Debug|x64
		{D0223B00-E01B-495F-B061-7AC8206E8478}.Debug|x64.Build.0 = Debug|x64
		{D0223B00-E01B-495F-B061-7AC8206E8478}.Debug|x86.ActiveCfg = Debug|Win32
		{D0223B00-E01B-495F-B061-7AC8206E8478}.Debug|x86.Build.0 = Debug|Win32
		{D0223B00-E01B-495F-B061-7AC8206E8478}.Release|x64.ActiveCfg = Release|x64
		{D0223B00-E01B-495F-B061-7AC8206E8478}.Release|x64.Build.0 = Release|x64
		{D0223B00-E01B-495F-B061-7AC8206E8478}.Release|x86.ActiveCfg = Release|Win32
		{D0223B00-E01B-495F-B061-7AC8206E8478}.Release|x86.Build.0 = Release|Win32
		{A79F9975-4C51-49EC-82B4-55F0D7CE06E5}.Debug|x64.ActiveCfg = Debug|x64
		{A79F9975-4C51-49EC-82B4-55F0D7CE06E5}.Debug|x64.Build.0 = Debug|x64
		{A79F9975-4C51-49EC-82B4-55F0D7CE06E5}.Debug|x86.ActiveCfg = Debug|Win32
		{A79F9975-4C51-49EC-82B4-55F0D7CE06E5}.Debug|x86.Build.0 = Debug|Win32
		{A79F9975-4C51-49EC-82B4-55F0D7CE06E5}.Release|x64.ActiveCfg = Release|x64
		{A79F9975-4C51-49EC-82B4-55F0D7CE06E5}.Release|x64.Build.0 = Release|x64
		{A79F9975-4C51-49EC-82B4-55F0D7CE06E5}.Release|x86.ActiveCfg = Release|Win32
		{A79F9975-4C51-49EC-82B4-55F0D7CE06E5}.Release|x86.Build.0 = Release|Win32
		{B2931A1B-24A7-4557-8D54-705BD1054579}.Debug|x64.ActiveCfg = Debug|x64
		{B2931A1B-24A7-4557-8D54-705BD1054579}.Debug|x64.Build.0 = Debug|x64
		{B2931A1B-24A7-4557-8D54-705BD1054579}.Debug|x86.ActiveCfg = Debug|Win32
		{B2931A1B-24A7-4557-8D54-705BD1054579}.Debug|x86.Build.0 = Debug|Win32
		{B2931A1B-24A7-4557-8D54-705BD1054579}.Release|x64.ActiveCfg = Release|x64
		{B2931A1B-24A7-4557-8D54-705BD1054579}.Release|x64.Build.0 = Release|x64
		{B2931A1B-24A7-4557-8D54-705BD1054579}.Release|x86.ActiveCfg = Release|Win32
		{B2931A1B-24A7-4557-8D54-705BD1054579}.Release|x86.Build.0 = Release|Win32
		{1D3C1A81-40CC-4CD2-BC9D-19EBDF8AF378}.Debug|x64.ActiveCfg = Debug|x64
		{1D3C1A81-40CC-4CD2-BC9D-19EBDF8AF378}.Debug|x64.Build.0 = Debug|x64
		{1D3C1A81-40CC-4CD2-BC9D-19EBDF8AF378}.Debug|x86.ActiveCfg = Debug|Win32
		{1D3C1A81-40CC-4CD2-BC9D-19EBDF8AF378}.Debug|x86.Build.0 = Debug|Win32
		{1D3C1A81-40CC-4CD2-BC9D-19EBDF8AF378}.Release|x64.ActiveCfg = Release|x64
		{1D3C1A81-40CC-4CD2-BC9D-19EBDF8AF378}.Release|x64.Build.0 = Release|x64
		{1D3C1A81-40CC-4CD2-BC9D-19EBDF8AF378}.Release|x86.ActiveCfg = Release|Win32
		{1D3C1A81-40CC-4CD2-BC9D-19EBDF8AF378}.Release|x86.Build.0 = Release|Win32
		{ADC36992-0AD1-45CB-A60F-EEC3FB2D5EBE}.Debug|x64.ActiveCfg = Debug|x64
		{ADC36992-0AD1-45CB-A60F-EEC3FB2D5EBE}.Debug|x64.Build.0 = Debug|x64
		{ADC36992-0AD1-45CB-A60F-EEC3FB2D5EBE}.Debug|x86.ActiveCfg = Debug|Win32
		{ADC36992-0AD1-45CB-A60F-EEC3FB2D5EBE}.Debug|x86.Build.0 = Debug|Win32
		{ADC36992-0AD1-45CB-A60F-EEC3FB2D5EBE}.Release|x64.ActiveCfg = Release|x64
		{ADC36992-0AD1-45CB-A60F-EEC3FB2D5EBE}.Release|x64.Build.0 = Release|x64
		{ADC36992-0AD1-45CB-A60F-EEC3FB2D5EBE}.Release|x86.ActiveCfg = Release|Win32
		{ADC36992-0AD1-45CB-A60F-EEC3FB2D5EBE}.Release|x86.Build.0 = Release|Win32
	EndGlobalSection
	GlobalSection(SolutionProperties) = preSolution
		HideSolutionNode = FALSE
	EndGlobalSection
	GlobalSection(ExtensibilityGlobals) = postSolution
		SolutionGuid = {B18584C7-7015-4766-B70D-59A353AE3A2D}
	EndGlobalSection
EndGlobal
